// !$*UTF8*$!
{
	archiveVersion = 1;
	classes = {
	};
	objectVersion = 46;
	objects = {

/* Begin PBXBuildFile section */
		C448452A1B97187B00AA1481 /* main.m in Sources */ = {isa = PBXBuildFile; fileRef = C44845291B97187B00AA1481 /* main.m */; };
		C448452D1B97187B00AA1481 /* AppDelegate.m in Sources */ = {isa = PBXBuildFile; fileRef = C448452C1B97187B00AA1481 /* AppDelegate.m */; };
		C44845301B97187B00AA1481 /* ViewController.m in Sources */ = {isa = PBXBuildFile; fileRef = C448452F1B97187B00AA1481 /* ViewController.m */; };
		C44845331B97187B00AA1481 /* Main.storyboard in Resources */ = {isa = PBXBuildFile; fileRef = C44845311B97187B00AA1481 /* Main.storyboard */; };
		C44845351B97187B00AA1481 /* Assets.xcassets in Resources */ = {isa = PBXBuildFile; fileRef = C44845341B97187B00AA1481 /* Assets.xcassets */; };
		C44845381B97187B00AA1481 /* LaunchScreen.storyboard in Resources */ = {isa = PBXBuildFile; fileRef = C44845361B97187B00AA1481 /* LaunchScreen.storyboard */; };
		C44845431B97187B00AA1481 /* Test_Two_AppDelegateTests.m in Sources */ = {isa = PBXBuildFile; fileRef = C44845421B97187B00AA1481 /* Test_Two_AppDelegateTests.m */; };
		C448454F1B9718FE00AA1481 /* TestAppDelegate.m in Sources */ = {isa = PBXBuildFile; fileRef = C448454E1B9718FE00AA1481 /* TestAppDelegate.m */; settings = {ASSET_TAGS = (); }; };
/* End PBXBuildFile section */

/* Begin PBXContainerItemProxy section */
		C448453F1B97187B00AA1481 /* PBXContainerItemProxy */ = {
			isa = PBXContainerItemProxy;
			containerPortal = C448451D1B97187B00AA1481 /* Project object */;
			proxyType = 1;
			remoteGlobalIDString = C44845241B97187B00AA1481;
			remoteInfo = "Test Two AppDelegate";
		};
/* End PBXContainerItemProxy section */

/* Begin PBXFileReference section */
		C44845251B97187B00AA1481 /* Test Two AppDelegate.app */ = {isa = PBXFileReference; explicitFileType = wrapper.application; includeInIndex = 0; path = "Test Two AppDelegate.app"; sourceTree = BUILT_PRODUCTS_DIR; };
		C44845291B97187B00AA1481 /* main.m */ = {isa = PBXFileReference; lastKnownFileType = sourcecode.c.objc; path = main.m; sourceTree = "<group>"; };
		C448452B1B97187B00AA1481 /* AppDelegate.h */ = {isa = PBXFileReference; lastKnownFileType = sourcecode.c.h; path = AppDelegate.h; sourceTree = "<group>"; };
		C448452C1B97187B00AA1481 /* AppDelegate.m */ = {isa = PBXFileReference; lastKnownFileType = sourcecode.c.objc; path = AppDelegate.m; sourceTree = "<group>"; };
		C448452E1B97187B00AA1481 /* ViewController.h */ = {isa = PBXFileReference; lastKnownFileType = sourcecode.c.h; path = ViewController.h; sourceTree = "<group>"; };
		C448452F1B97187B00AA1481 /* ViewController.m */ = {isa = PBXFileReference; lastKnownFileType = sourcecode.c.objc; path = ViewController.m; sourceTree = "<group>"; };
		C44845321B97187B00AA1481 /* Base */ = {isa = PBXFileReference; lastKnownFileType = file.storyboard; name = Base; path = Base.lproj/Main.storyboard; sourceTree = "<group>"; };
		C44845341B97187B00AA1481 /* Assets.xcassets */ = {isa = PBXFileReference; lastKnownFileType = folder.assetcatalog; path = Assets.xcassets; sourceTree = "<group>"; };
		C44845371B97187B00AA1481 /* Base */ = {isa = PBXFileReference; lastKnownFileType = file.storyboard; name = Base; path = Base.lproj/LaunchScreen.storyboard; sourceTree = "<group>"; };
		C44845391B97187B00AA1481 /* Info.plist */ = {isa = PBXFileReference; lastKnownFileType = text.plist.xml; path = Info.plist; sourceTree = "<group>"; };
		C448453E1B97187B00AA1481 /* Test Two AppDelegateTests.xctest */ = {isa = PBXFileReference; explicitFileType = wrapper.cfbundle; includeInIndex = 0; path = "Test Two AppDelegateTests.xctest"; sourceTree = BUILT_PRODUCTS_DIR; };
		C44845421B97187B00AA1481 /* Test_Two_AppDelegateTests.m */ = {isa = PBXFileReference; lastKnownFileType = sourcecode.c.objc; path = Test_Two_AppDelegateTests.m; sourceTree = "<group>"; };
		C44845441B97187B00AA1481 /* Info.plist */ = {isa = PBXFileReference; lastKnownFileType = text.plist.xml; path = Info.plist; sourceTree = "<group>"; };
		C448454D1B9718FE00AA1481 /* TestAppDelegate.h */ = {isa = PBXFileReference; fileEncoding = 4; lastKnownFileType = sourcecode.c.h; path = TestAppDelegate.h; sourceTree = "<group>"; };
		C448454E1B9718FE00AA1481 /* TestAppDelegate.m */ = {isa = PBXFileReference; fileEncoding = 4; lastKnownFileType = sourcecode.c.objc; path = TestAppDelegate.m; sourceTree = "<group>"; };
/* End PBXFileReference section */

/* Begin PBXFrameworksBuildPhase section */
		C44845221B97187B00AA1481 /* Frameworks */ = {
			isa = PBXFrameworksBuildPhase;
			buildActionMask = 2147483647;
			files = (
			);
			runOnlyForDeploymentPostprocessing = 0;
		};
		C448453B1B97187B00AA1481 /* Frameworks */ = {
			isa = PBXFrameworksBuildPhase;
			buildActionMask = 2147483647;
			files = (
			);
			runOnlyForDeploymentPostprocessing = 0;
		};
/* End PBXFrameworksBuildPhase section */

/* Begin PBXGroup section */
		C448451C1B97187B00AA1481 = {
			isa = PBXGroup;
			children = (
				C44845271B97187B00AA1481 /* Test Two AppDelegate */,
				C44845411B97187B00AA1481 /* Test Two AppDelegateTests */,
				C44845261B97187B00AA1481 /* Products */,
			);
			sourceTree = "<group>";
		};
		C44845261B97187B00AA1481 /* Products */ = {
			isa = PBXGroup;
			children = (
				C44845251B97187B00AA1481 /* Test Two AppDelegate.app */,
				C448453E1B97187B00AA1481 /* Test Two AppDelegateTests.xctest */,
			);
			name = Products;
			sourceTree = "<group>";
		};
		C44845271B97187B00AA1481 /* Test Two AppDelegate */ = {
			isa = PBXGroup;
			children = (
				C448452B1B97187B00AA1481 /* AppDelegate.h */,
				C448452C1B97187B00AA1481 /* AppDelegate.m */,
				C448452E1B97187B00AA1481 /* ViewController.h */,
				C448452F1B97187B00AA1481 /* ViewController.m */,
				C44845311B97187B00AA1481 /* Main.storyboard */,
				C44845341B97187B00AA1481 /* Assets.xcassets */,
				C44845361B97187B00AA1481 /* LaunchScreen.storyboard */,
				C44845391B97187B00AA1481 /* Info.plist */,
				C44845281B97187B00AA1481 /* Supporting Files */,
			);
			path = "Test Two AppDelegate";
			sourceTree = "<group>";
		};
		C44845281B97187B00AA1481 /* Supporting Files */ = {
			isa = PBXGroup;
			children = (
				C44845291B97187B00AA1481 /* main.m */,
			);
			name = "Supporting Files";
			sourceTree = "<group>";
		};
		C44845411B97187B00AA1481 /* Test Two AppDelegateTests */ = {
			isa = PBXGroup;
			children = (
				C448454D1B9718FE00AA1481 /* TestAppDelegate.h */,
				C448454E1B9718FE00AA1481 /* TestAppDelegate.m */,
				C44845421B97187B00AA1481 /* Test_Two_AppDelegateTests.m */,
				C44845441B97187B00AA1481 /* Info.plist */,
			);
			path = "Test Two AppDelegateTests";
			sourceTree = "<group>";
		};
/* End PBXGroup section */

/* Begin PBXNativeTarget section */
		C44845241B97187B00AA1481 /* Test Two AppDelegate */ = {
			isa = PBXNativeTarget;
			buildConfigurationList = C44845471B97187B00AA1481 /* Build configuration list for PBXNativeTarget "Test Two AppDelegate" */;
			buildPhases = (
				C44845211B97187B00AA1481 /* Sources */,
				C44845221B97187B00AA1481 /* Frameworks */,
				C44845231B97187B00AA1481 /* Resources */,
			);
			buildRules = (
			);
			dependencies = (
			);
			name = "Test Two AppDelegate";
			productName = "Test Two AppDelegate";
			productReference = C44845251B97187B00AA1481 /* Test Two AppDelegate.app */;
			productType = "com.apple.product-type.application";
		};
		C448453D1B97187B00AA1481 /* Test Two AppDelegateTests */ = {
			isa = PBXNativeTarget;
			buildConfigurationList = C448454A1B97187B00AA1481 /* Build configuration list for PBXNativeTarget "Test Two AppDelegateTests" */;
			buildPhases = (
				C448453A1B97187B00AA1481 /* Sources */,
				C448453B1B97187B00AA1481 /* Frameworks */,
				C448453C1B97187B00AA1481 /* Resources */,
			);
			buildRules = (
			);
			dependencies = (
				C44845401B97187B00AA1481 /* PBXTargetDependency */,
			);
			name = "Test Two AppDelegateTests";
			productName = "Test Two AppDelegateTests";
			productReference = C448453E1B97187B00AA1481 /* Test Two AppDelegateTests.xctest */;
			productType = "com.apple.product-type.bundle.unit-test";
		};
/* End PBXNativeTarget section */

/* Begin PBXProject section */
		C448451D1B97187B00AA1481 /* Project object */ = {
			isa = PBXProject;
			attributes = {
				LastUpgradeCheck = 0700;
				ORGANIZATIONNAME = Autodesk;
				TargetAttributes = {
					C44845241B97187B00AA1481 = {
						CreatedOnToolsVersion = 7.0;
					};
					C448453D1B97187B00AA1481 = {
						CreatedOnToolsVersion = 7.0;
						TestTargetID = C44845241B97187B00AA1481;
					};
				};
			};
			buildConfigurationList = C44845201B97187B00AA1481 /* Build configuration list for PBXProject "Test Two AppDelegate" */;
			compatibilityVersion = "Xcode 3.2";
			developmentRegion = English;
			hasScannedForEncodings = 0;
			knownRegions = (
				en,
				Base,
			);
			mainGroup = C448451C1B97187B00AA1481;
			productRefGroup = C44845261B97187B00AA1481 /* Products */;
			projectDirPath = "";
			projectRoot = "";
			targets = (
				C44845241B97187B00AA1481 /* Test Two AppDelegate */,
				C448453D1B97187B00AA1481 /* Test Two AppDelegateTests */,
			);
		};
/* End PBXProject section */

/* Begin PBXResourcesBuildPhase section */
		C44845231B97187B00AA1481 /* Resources */ = {
			isa = PBXResourcesBuildPhase;
			buildActionMask = 2147483647;
			files = (
				C44845381B97187B00AA1481 /* LaunchScreen.storyboard in Resources */,
				C44845351B97187B00AA1481 /* Assets.xcassets in Resources */,
				C44845331B97187B00AA1481 /* Main.storyboard in Resources */,
			);
			runOnlyForDeploymentPostprocessing = 0;
		};
		C448453C1B97187B00AA1481 /* Resources */ = {
			isa = PBXResourcesBuildPhase;
			buildActionMask = 2147483647;
			files = (
			);
			runOnlyForDeploymentPostprocessing = 0;
		};
/* End PBXResourcesBuildPhase section */

/* Begin PBXSourcesBuildPhase section */
		C44845211B97187B00AA1481 /* Sources */ = {
			isa = PBXSourcesBuildPhase;
			buildActionMask = 2147483647;
			files = (
				C44845301B97187B00AA1481 /* ViewController.m in Sources */,
				C448452D1B97187B00AA1481 /* AppDelegate.m in Sources */,
				C448452A1B97187B00AA1481 /* main.m in Sources */,
			);
			runOnlyForDeploymentPostprocessing = 0;
		};
		C448453A1B97187B00AA1481 /* Sources */ = {
			isa = PBXSourcesBuildPhase;
			buildActionMask = 2147483647;
			files = (
				C448454F1B9718FE00AA1481 /* TestAppDelegate.m in Sources */,
				C44845431B97187B00AA1481 /* Test_Two_AppDelegateTests.m in Sources */,
			);
			runOnlyForDeploymentPostprocessing = 0;
		};
/* End PBXSourcesBuildPhase section */

/* Begin PBXTargetDependency section */
		C44845401B97187B00AA1481 /* PBXTargetDependency */ = {
			isa = PBXTargetDependency;
			target = C44845241B97187B00AA1481 /* Test Two AppDelegate */;
			targetProxy = C448453F1B97187B00AA1481 /* PBXContainerItemProxy */;
		};
/* End PBXTargetDependency section */

/* Begin PBXVariantGroup section */
		C44845311B97187B00AA1481 /* Main.storyboard */ = {
			isa = PBXVariantGroup;
			children = (
				C44845321B97187B00AA1481 /* Base */,
			);
			name = Main.storyboard;
			sourceTree = "<group>";
		};
		C44845361B97187B00AA1481 /* LaunchScreen.storyboard */ = {
			isa = PBXVariantGroup;
			children = (
				C44845371B97187B00AA1481 /* Base */,
			);
			name = LaunchScreen.storyboard;
			sourceTree = "<group>";
		};
/* End PBXVariantGroup section */

/* Begin XCBuildConfiguration section */
		C44845451B97187B00AA1481 /* Debug */ = {
			isa = XCBuildConfiguration;
			buildSettings = {
				ALWAYS_SEARCH_USER_PATHS = NO;
				CLANG_CXX_LANGUAGE_STANDARD = "gnu++0x";
				CLANG_CXX_LIBRARY = "libc++";
				CLANG_ENABLE_MODULES = YES;
				CLANG_ENABLE_OBJC_ARC = YES;
				CLANG_WARN_BOOL_CONVERSION = YES;
				CLANG_WARN_CONSTANT_CONVERSION = YES;
				CLANG_WARN_DIRECT_OBJC_ISA_USAGE = YES_ERROR;
				CLANG_WARN_EMPTY_BODY = YES;
				CLANG_WARN_ENUM_CONVERSION = YES;
				CLANG_WARN_INT_CONVERSION = YES;
				CLANG_WARN_OBJC_ROOT_CLASS = YES_ERROR;
				CLANG_WARN_UNREACHABLE_CODE = YES;
				CLANG_WARN__DUPLICATE_METHOD_MATCH = YES;
				"CODE_SIGN_IDENTITY[sdk=iphoneos*]" = "iPhone Developer";
				COPY_PHASE_STRIP = NO;
				DEBUG_INFORMATION_FORMAT = dwarf;
				ENABLE_STRICT_OBJC_MSGSEND = YES;
				ENABLE_TESTABILITY = YES;
				GCC_C_LANGUAGE_STANDARD = gnu99;
				GCC_DYNAMIC_NO_PIC = NO;
				GCC_NO_COMMON_BLOCKS = YES;
				GCC_OPTIMIZATION_LEVEL = 0;
				GCC_PREPROCESSOR_DEFINITIONS = (
					"DEBUG=1",
					"$(inherited)",
				);
				GCC_WARN_64_TO_32_BIT_CONVERSION = YES;
				GCC_WARN_ABOUT_RETURN_TYPE = YES_ERROR;
				GCC_WARN_UNDECLARED_SELECTOR = YES;
				GCC_WARN_UNINITIALIZED_AUTOS = YES_AGGRESSIVE;
				GCC_WARN_UNUSED_FUNCTION = YES;
				GCC_WARN_UNUSED_VARIABLE = YES;
				IPHONEOS_DEPLOYMENT_TARGET = 9.0;
				MTL_ENABLE_DEBUG_INFO = YES;
				ONLY_ACTIVE_ARCH = YES;
				SDKROOT = iphoneos;
				TARGETED_DEVICE_FAMILY = "1,2";
			};
			name = Debug;
		};
		C44845461B97187B00AA1481 /* Release */ = {
			isa = XCBuildConfiguration;
			buildSettings = {
				ALWAYS_SEARCH_USER_PATHS = NO;
				CLANG_CXX_LANGUAGE_STANDARD = "gnu++0x";
				CLANG_CXX_LIBRARY = "libc++";
				CLANG_ENABLE_MODULES = YES;
				CLANG_ENABLE_OBJC_ARC = YES;
				CLANG_WARN_BOOL_CONVERSION = YES;
				CLANG_WARN_CONSTANT_CONVERSION = YES;
				CLANG_WARN_DIRECT_OBJC_ISA_USAGE = YES_ERROR;
				CLANG_WARN_EMPTY_BODY = YES;
				CLANG_WARN_ENUM_CONVERSION = YES;
				CLANG_WARN_INT_CONVERSION = YES;
				CLANG_WARN_OBJC_ROOT_CLASS = YES_ERROR;
				CLANG_WARN_UNREACHABLE_CODE = YES;
				CLANG_WARN__DUPLICATE_METHOD_MATCH = YES;
				"CODE_SIGN_IDENTITY[sdk=iphoneos*]" = "iPhone Developer";
				COPY_PHASE_STRIP = NO;
				DEBUG_INFORMATION_FORMAT = "dwarf-with-dsym";
				ENABLE_NS_ASSERTIONS = NO;
				ENABLE_STRICT_OBJC_MSGSEND = YES;
				GCC_C_LANGUAGE_STANDARD = gnu99;
				GCC_NO_COMMON_BLOCKS = YES;
				GCC_WARN_64_TO_32_BIT_CONVERSION = YES;
				GCC_WARN_ABOUT_RETURN_TYPE = YES_ERROR;
				GCC_WARN_UNDECLARED_SELECTOR = YES;
				GCC_WARN_UNINITIALIZED_AUTOS = YES_AGGRESSIVE;
				GCC_WARN_UNUSED_FUNCTION = YES;
				GCC_WARN_UNUSED_VARIABLE = YES;
				IPHONEOS_DEPLOYMENT_TARGET = 9.0;
				MTL_ENABLE_DEBUG_INFO = NO;
				SDKROOT = iphoneos;
				TARGETED_DEVICE_FAMILY = "1,2";
				VALIDATE_PRODUCT = YES;
			};
			name = Release;
		};
		C44845481B97187B00AA1481 /* Debug */ = {
			isa = XCBuildConfiguration;
			buildSettings = {
				ASSETCATALOG_COMPILER_APPICON_NAME = AppIcon;
				INFOPLIST_FILE = "Test Two AppDelegate/Info.plist";
				LD_RUNPATH_SEARCH_PATHS = "$(inherited) @executable_path/Frameworks";
				PRODUCT_BUNDLE_IDENTIFIER = "com.autodesk.Test-Two-AppDelegate";
				PRODUCT_NAME = "$(TARGET_NAME)";
			};
			name = Debug;
		};
		C44845491B97187B00AA1481 /* Release */ = {
			isa = XCBuildConfiguration;
			buildSettings = {
				ASSETCATALOG_COMPILER_APPICON_NAME = AppIcon;
				INFOPLIST_FILE = "Test Two AppDelegate/Info.plist";
				LD_RUNPATH_SEARCH_PATHS = "$(inherited) @executable_path/Frameworks";
				PRODUCT_BUNDLE_IDENTIFIER = "com.autodesk.Test-Two-AppDelegate";
				PRODUCT_NAME = "$(TARGET_NAME)";
			};
			name = Release;
		};
		C448454B1B97187B00AA1481 /* Debug */ = {
			isa = XCBuildConfiguration;
			buildSettings = {
				BUNDLE_LOADER = "$(TEST_HOST)";
				INFOPLIST_FILE = "Test Two AppDelegateTests/Info.plist";
				LD_RUNPATH_SEARCH_PATHS = "$(inherited) @executable_path/Frameworks @loader_path/Frameworks";
				PRODUCT_BUNDLE_IDENTIFIER = "com.autodesk.Test-Two-AppDelegateTests";
				PRODUCT_NAME = "$(TARGET_NAME)";
				TEST_HOST = "$(BUILT_PRODUCTS_DIR)/Test Two AppDelegate.app/Test Two AppDelegate";
			};
			name = Debug;
		};
		C448454C1B97187B00AA1481 /* Release */ = {
			isa = XCBuildConfiguration;
			buildSettings = {
				BUNDLE_LOADER = "$(TEST_HOST)";
				INFOPLIST_FILE = "Test Two AppDelegateTests/Info.plist";
				LD_RUNPATH_SEARCH_PATHS = "$(inherited) @executable_path/Frameworks @loader_path/Frameworks";
				PRODUCT_BUNDLE_IDENTIFIER = "com.autodesk.Test-Two-AppDelegateTests";
				PRODUCT_NAME = "$(TARGET_NAME)";
				TEST_HOST = "$(BUILT_PRODUCTS_DIR)/Test Two AppDelegate.app/Test Two AppDelegate";
			};
			name = Release;
		};
/* End XCBuildConfiguration section */

/* Begin XCConfigurationList section */
		C44845201B97187B00AA1481 /* Build configuration list for PBXProject "Test Two AppDelegate" */ = {
			isa = XCConfigurationList;
			buildConfigurations = (
				C44845451B97187B00AA1481 /* Debug */,
				C44845461B97187B00AA1481 /* Release */,
			);
			defaultConfigurationIsVisible = 0;
			defaultConfigurationName = Release;
		};
		C44845471B97187B00AA1481 /* Build configuration list for PBXNativeTarget "Test Two AppDelegate" */ = {
			isa = XCConfigurationList;
			buildConfigurations = (
				C44845481B97187B00AA1481 /* Debug */,
				C44845491B97187B00AA1481 /* Release */,
			);
			defaultConfigurationIsVisible = 0;
		};
		C448454A1B97187B00AA1481 /* Build configuration list for PBXNativeTarget "Test Two AppDelegateTests" */ = {
			isa = XCConfigurationList;
			buildConfigurations = (
				C448454B1B97187B00AA1481 /* Debug */,
				C448454C1B97187B00AA1481 /* Release */,
			);
			defaultConfigurationIsVisible = 0;
		};
/* End XCConfigurationList section */
	};
	rootObject = C448451D1B97187B00AA1481 /* Project object */;
}
